// !$*UTF8*$!
{
	archiveVersion = 1;
	classes = {
	};
	objectVersion = 46;
	objects = {

/* Begin PBXAggregateTarget section */
		1C1509C51FF532A4003F6C42 /* Framework */ = {
			isa = PBXAggregateTarget;
			buildConfigurationList = 1C1509C61FF532A4003F6C42 /* Build configuration list for PBXAggregateTarget "Framework" */;
			buildPhases = (
				1C1509CB1FF532C8003F6C42 /* ShellScript */,
			);
			dependencies = (
				1C1509CA1FF532C3003F6C42 /* PBXTargetDependency */,
			);
			name = Framework;
			productName = Framework;
		};
/* End PBXAggregateTarget section */

/* Begin PBXBuildFile section */
		1C1509C11FF53186003F6C42 /* XmlParser.m in Sources */ = {isa = PBXBuildFile; fileRef = FA55C66A1F7B707B002D67BF /* XmlParser.m */; };
		1C1509C31FF531B0003F6C42 /* XmlParser.h in Headers */ = {isa = PBXBuildFile; fileRef = FA55C6691F7B707B002D67BF /* XmlParser.h */; settings = {ATTRIBUTES = (Public, ); }; };
		1CBDD5F31FF417F700002BAF /* PQXMLParser.framework in Frameworks */ = {isa = PBXBuildFile; fileRef = FA55C64F1F7B7037002D67BF /* PQXMLParser.framework */; };
		FA55C65F1F7B7037002D67BF /* PQXMLParserTests.m in Sources */ = {isa = PBXBuildFile; fileRef = FA55C65E1F7B7037002D67BF /* PQXMLParserTests.m */; };
		FA55C66B1F7B707B002D67BF /* XmlParser.h in Headers */ = {isa = PBXBuildFile; fileRef = FA55C6691F7B707B002D67BF /* XmlParser.h */; };
		FA55C66C1F7B707B002D67BF /* XmlParser.m in Sources */ = {isa = PBXBuildFile; fileRef = FA55C66A1F7B707B002D67BF /* XmlParser.m */; };
		FA55C66E1F7B70A4002D67BF /* libxml2.2.tbd in Frameworks */ = {isa = PBXBuildFile; fileRef = FA55C66D1F7B70A4002D67BF /* libxml2.2.tbd */; };
		FA55C6701F7D2DE0002D67BF /* test1.xml in Resources */ = {isa = PBXBuildFile; fileRef = FA55C66F1F7D2DE0002D67BF /* test1.xml */; };
/* End PBXBuildFile section */

/* Begin PBXContainerItemProxy section */
		1C1509C91FF532C3003F6C42 /* PBXContainerItemProxy */ = {
			isa = PBXContainerItemProxy;
			containerPortal = FA55C6461F7B7037002D67BF /* Project object */;
			proxyType = 1;
			remoteGlobalIDString = 1C1509B71FF53156003F6C42;
			remoteInfo = PQXMLParserFramework;
		};
		FA55C65B1F7B7037002D67BF /* PBXContainerItemProxy */ = {
			isa = PBXContainerItemProxy;
			containerPortal = FA55C6461F7B7037002D67BF /* Project object */;
			proxyType = 1;
			remoteGlobalIDString = FA55C64E1F7B7037002D67BF;
			remoteInfo = PQXMLParser;
		};
/* End PBXContainerItemProxy section */

/* Begin PBXCopyFilesBuildPhase section */
		1C1509B61FF53156003F6C42 /* CopyFiles */ = {
			isa = PBXCopyFilesBuildPhase;
			buildActionMask = 2147483647;
			dstPath = "include/$(PRODUCT_NAME)";
			dstSubfolderSpec = 16;
			files = (
			);
			runOnlyForDeploymentPostprocessing = 0;
		};
/* End PBXCopyFilesBuildPhase section */

/* Begin PBXFileReference section */
		1C1509B81FF53156003F6C42 /* libPQXMLParserFramework.a */ = {isa = PBXFileReference; explicitFileType = archive.ar; includeInIndex = 0; path = libPQXMLParserFramework.a; sourceTree = BUILT_PRODUCTS_DIR; };
		1CBDD5EC1FF413F500002BAF /* PQXMLParserFramework.framework */ = {isa = PBXFileReference; lastKnownFileType = wrapper.framework; path = PQXMLParserFramework.framework; sourceTree = "<group>"; };
		FA55C64F1F7B7037002D67BF /* PQXMLParser.framework */ = {isa = PBXFileReference; explicitFileType = wrapper.framework; includeInIndex = 0; path = PQXMLParser.framework; sourceTree = BUILT_PRODUCTS_DIR; };
		FA55C6541F7B7037002D67BF /* Info.plist */ = {isa = PBXFileReference; lastKnownFileType = text.plist.xml; path = Info.plist; sourceTree = "<group>"; };
		FA55C6591F7B7037002D67BF /* PQXMLParserTests.xctest */ = {isa = PBXFileReference; explicitFileType = wrapper.cfbundle; includeInIndex = 0; path = PQXMLParserTests.xctest; sourceTree = BUILT_PRODUCTS_DIR; };
		FA55C65E1F7B7037002D67BF /* PQXMLParserTests.m */ = {isa = PBXFileReference; lastKnownFileType = sourcecode.c.objc; path = PQXMLParserTests.m; sourceTree = "<group>"; };
		FA55C6601F7B7037002D67BF /* Info.plist */ = {isa = PBXFileReference; lastKnownFileType = text.plist.xml; path = Info.plist; sourceTree = "<group>"; };
		FA55C6691F7B707B002D67BF /* XmlParser.h */ = {isa = PBXFileReference; fileEncoding = 4; lastKnownFileType = sourcecode.c.h; path = XmlParser.h; sourceTree = "<group>"; };
		FA55C66A1F7B707B002D67BF /* XmlParser.m */ = {isa = PBXFileReference; fileEncoding = 4; lastKnownFileType = sourcecode.c.objc; path = XmlParser.m; sourceTree = "<group>"; };
		FA55C66D1F7B70A4002D67BF /* libxml2.2.tbd */ = {isa = PBXFileReference; lastKnownFileType = "sourcecode.text-based-dylib-definition"; name = libxml2.2.tbd; path = usr/lib/libxml2.2.tbd; sourceTree = SDKROOT; };
		FA55C66F1F7D2DE0002D67BF /* test1.xml */ = {isa = PBXFileReference; fileEncoding = 4; lastKnownFileType = text.xml; path = test1.xml; sourceTree = "<group>"; };
/* End PBXFileReference section */

/* Begin PBXFrameworksBuildPhase section */
		1C1509B51FF53156003F6C42 /* Frameworks */ = {
			isa = PBXFrameworksBuildPhase;
			buildActionMask = 2147483647;
			files = (
			);
			runOnlyForDeploymentPostprocessing = 0;
		};
		FA55C64B1F7B7037002D67BF /* Frameworks */ = {
			isa = PBXFrameworksBuildPhase;
			buildActionMask = 2147483647;
			files = (
				FA55C66E1F7B70A4002D67BF /* libxml2.2.tbd in Frameworks */,
			);
			runOnlyForDeploymentPostprocessing = 0;
		};
		FA55C6561F7B7037002D67BF /* Frameworks */ = {
			isa = PBXFrameworksBuildPhase;
			buildActionMask = 2147483647;
			files = (
				1CBDD5F31FF417F700002BAF /* PQXMLParser.framework in Frameworks */,
			);
			runOnlyForDeploymentPostprocessing = 0;
		};
/* End PBXFrameworksBuildPhase section */

/* Begin PBXGroup section */
		1C1509B91FF53156003F6C42 /* PQXMLParserFramework */ = {
			isa = PBXGroup;
			children = (
			);
			path = PQXMLParserFramework;
			sourceTree = "<group>";
		};
		1CBDD5EB1FF413F500002BAF /* Frameworks */ = {
			isa = PBXGroup;
			children = (
				1CBDD5EC1FF413F500002BAF /* PQXMLParserFramework.framework */,
			);
			name = Frameworks;
			sourceTree = "<group>";
		};
		FA55C6451F7B7037002D67BF = {
			isa = PBXGroup;
			children = (
				FA55C66D1F7B70A4002D67BF /* libxml2.2.tbd */,
				FA55C6511F7B7037002D67BF /* PQXMLParser */,
				FA55C65D1F7B7037002D67BF /* PQXMLParserTests */,
				1C1509B91FF53156003F6C42 /* PQXMLParserFramework */,
				FA55C6501F7B7037002D67BF /* Products */,
				1CBDD5EB1FF413F500002BAF /* Frameworks */,
			);
			sourceTree = "<group>";
		};
		FA55C6501F7B7037002D67BF /* Products */ = {
			isa = PBXGroup;
			children = (
				FA55C64F1F7B7037002D67BF /* PQXMLParser.framework */,
				FA55C6591F7B7037002D67BF /* PQXMLParserTests.xctest */,
				1C1509B81FF53156003F6C42 /* libPQXMLParserFramework.a */,
			);
			name = Products;
			sourceTree = "<group>";
		};
		FA55C6511F7B7037002D67BF /* PQXMLParser */ = {
			isa = PBXGroup;
			children = (
				FA55C6541F7B7037002D67BF /* Info.plist */,
				FA55C6691F7B707B002D67BF /* XmlParser.h */,
				FA55C66A1F7B707B002D67BF /* XmlParser.m */,
			);
			path = PQXMLParser;
			sourceTree = "<group>";
		};
		FA55C65D1F7B7037002D67BF /* PQXMLParserTests */ = {
			isa = PBXGroup;
			children = (
				FA55C6711F80F7DD002D67BF /* TestData */,
				FA55C65E1F7B7037002D67BF /* PQXMLParserTests.m */,
				FA55C6601F7B7037002D67BF /* Info.plist */,
			);
			path = PQXMLParserTests;
			sourceTree = "<group>";
		};
		FA55C6711F80F7DD002D67BF /* TestData */ = {
			isa = PBXGroup;
			children = (
				FA55C66F1F7D2DE0002D67BF /* test1.xml */,
			);
			name = TestData;
			sourceTree = "<group>";
		};
/* End PBXGroup section */

/* Begin PBXHeadersBuildPhase section */
		1C1509C21FF531A3003F6C42 /* Headers */ = {
			isa = PBXHeadersBuildPhase;
			buildActionMask = 2147483647;
			files = (
				1C1509C31FF531B0003F6C42 /* XmlParser.h in Headers */,
			);
			runOnlyForDeploymentPostprocessing = 0;
		};
		FA55C64C1F7B7037002D67BF /* Headers */ = {
			isa = PBXHeadersBuildPhase;
			buildActionMask = 2147483647;
			files = (
				FA55C66B1F7B707B002D67BF /* XmlParser.h in Headers */,
			);
			runOnlyForDeploymentPostprocessing = 0;
		};
/* End PBXHeadersBuildPhase section */

/* Begin PBXNativeTarget section */
		1C1509B71FF53156003F6C42 /* PQXMLParserFramework */ = {
			isa = PBXNativeTarget;
			buildConfigurationList = 1C1509BE1FF53156003F6C42 /* Build configuration list for PBXNativeTarget "PQXMLParserFramework" */;
			buildPhases = (
				1C1509B41FF53156003F6C42 /* Sources */,
				1C1509B51FF53156003F6C42 /* Frameworks */,
				1C1509B61FF53156003F6C42 /* CopyFiles */,
				1C1509C21FF531A3003F6C42 /* Headers */,
				1C1509C41FF531C0003F6C42 /* Build Framework */,
			);
			buildRules = (
			);
			dependencies = (
			);
			name = PQXMLParserFramework;
			productName = PQXMLParserFramework;
			productReference = 1C1509B81FF53156003F6C42 /* libPQXMLParserFramework.a */;
			productType = "com.apple.product-type.library.static";
		};
		FA55C64E1F7B7037002D67BF /* PQXMLParser */ = {
			isa = PBXNativeTarget;
			buildConfigurationList = FA55C6631F7B7037002D67BF /* Build configuration list for PBXNativeTarget "PQXMLParser" */;
			buildPhases = (
				FA55C64A1F7B7037002D67BF /* Sources */,
				FA55C64B1F7B7037002D67BF /* Frameworks */,
				FA55C64C1F7B7037002D67BF /* Headers */,
				FA55C64D1F7B7037002D67BF /* Resources */,
			);
			buildRules = (
			);
			dependencies = (
			);
			name = PQXMLParser;
			productName = PQXMLParser;
			productReference = FA55C64F1F7B7037002D67BF /* PQXMLParser.framework */;
			productType = "com.apple.product-type.framework";
		};
		FA55C6581F7B7037002D67BF /* PQXMLParserTests */ = {
			isa = PBXNativeTarget;
			buildConfigurationList = FA55C6661F7B7037002D67BF /* Build configuration list for PBXNativeTarget "PQXMLParserTests" */;
			buildPhases = (
				FA55C6551F7B7037002D67BF /* Sources */,
				FA55C6561F7B7037002D67BF /* Frameworks */,
				FA55C6571F7B7037002D67BF /* Resources */,
			);
			buildRules = (
			);
			dependencies = (
				FA55C65C1F7B7037002D67BF /* PBXTargetDependency */,
			);
			name = PQXMLParserTests;
			productName = PQXMLParserTests;
			productReference = FA55C6591F7B7037002D67BF /* PQXMLParserTests.xctest */;
			productType = "com.apple.product-type.bundle.unit-test";
		};
/* End PBXNativeTarget section */

/* Begin PBXProject section */
		FA55C6461F7B7037002D67BF /* Project object */ = {
			isa = PBXProject;
			attributes = {
				LastUpgradeCheck = 0730;
				ORGANIZATIONNAME = "Plexteq OÜ";
				TargetAttributes = {
					1C1509B71FF53156003F6C42 = {
						CreatedOnToolsVersion = 9.2;
						DevelopmentTeam = 9HWXJ897TL;
						ProvisioningStyle = Automatic;
					};
					1C1509C51FF532A4003F6C42 = {
						CreatedOnToolsVersion = 9.2;
						DevelopmentTeam = 9HWXJ897TL;
						ProvisioningStyle = Automatic;
					};
					FA55C64E1F7B7037002D67BF = {
						CreatedOnToolsVersion = 7.3.1;
					};
					FA55C6581F7B7037002D67BF = {
						CreatedOnToolsVersion = 7.3.1;
					};
				};
			};
			buildConfigurationList = FA55C6491F7B7037002D67BF /* Build configuration list for PBXProject "PQXMLParser" */;
			compatibilityVersion = "Xcode 3.2";
			developmentRegion = English;
			hasScannedForEncodings = 0;
			knownRegions = (
				en,
			);
			mainGroup = FA55C6451F7B7037002D67BF;
			productRefGroup = FA55C6501F7B7037002D67BF /* Products */;
			projectDirPath = "";
			projectRoot = "";
			targets = (
				FA55C64E1F7B7037002D67BF /* PQXMLParser */,
				FA55C6581F7B7037002D67BF /* PQXMLParserTests */,
				1C1509B71FF53156003F6C42 /* PQXMLParserFramework */,
				1C1509C51FF532A4003F6C42 /* Framework */,
			);
		};
/* End PBXProject section */

/* Begin PBXResourcesBuildPhase section */
		FA55C64D1F7B7037002D67BF /* Resources */ = {
			isa = PBXResourcesBuildPhase;
			buildActionMask = 2147483647;
			files = (
			);
			runOnlyForDeploymentPostprocessing = 0;
		};
		FA55C6571F7B7037002D67BF /* Resources */ = {
			isa = PBXResourcesBuildPhase;
			buildActionMask = 2147483647;
			files = (
				FA55C6701F7D2DE0002D67BF /* test1.xml in Resources */,
			);
			runOnlyForDeploymentPostprocessing = 0;
		};
/* End PBXResourcesBuildPhase section */

/* Begin PBXShellScriptBuildPhase section */
		1C1509C41FF531C0003F6C42 /* Build Framework */ = {
			isa = PBXShellScriptBuildPhase;
			buildActionMask = 2147483647;
			files = (
			);
			inputPaths = (
			);
			name = "Build Framework";
			outputPaths = (
			);
			runOnlyForDeploymentPostprocessing = 0;
			shellPath = /bin/sh;
			shellScript = "set -e\n\nexport FRAMEWORK_LOCN=\"${BUILT_PRODUCTS_DIR}/${PRODUCT_NAME}.framework\"\n\n# Create the path to the real Headers die\nmkdir -p \"${FRAMEWORK_LOCN}/Versions/A/Headers\"\n\n# Create the required symlinks\n/bin/ln -sfh A \"${FRAMEWORK_LOCN}/Versions/Current\"\n/bin/ln -sfh Versions/Current/Headers \"${FRAMEWORK_LOCN}/Headers\"\n/bin/ln -sfh \"Versions/Current/${PRODUCT_NAME}\" \\\n\"${FRAMEWORK_LOCN}/${PRODUCT_NAME}\"\n\n# Copy the public headers into the framework\n/bin/cp -a \"${TARGET_BUILD_DIR}/${PUBLIC_HEADERS_FOLDER_PATH}/\" \\\n\"${FRAMEWORK_LOCN}/Versions/A/Headers\"";
		};
		1C1509CB1FF532C8003F6C42 /* ShellScript */ = {
			isa = PBXShellScriptBuildPhase;
			buildActionMask = 2147483647;
			files = (
			);
			inputPaths = (
			);
			outputPaths = (
			);
			runOnlyForDeploymentPostprocessing = 0;
			shellPath = /bin/sh;
			shellScript = "set -e\n\n# If we're already inside this script then die\nif [ -n \"$RW_MULTIPLATFORM_BUILD_IN_PROGRESS\" ]; then\nexit 0\nfi\nexport RW_MULTIPLATFORM_BUILD_IN_PROGRESS=1\n\nRW_FRAMEWORK_NAME=${PROJECT_NAME}Framework\nRW_INPUT_STATIC_LIB=\"lib${PROJECT_NAME}Framework.a\"\nRW_FRAMEWORK_LOCATION=\"${BUILT_PRODUCTS_DIR}/${RW_FRAMEWORK_NAME}.framework\"\n\nfunction build_static_library {\n    # Will rebuild the static library as specified\n    #     build_static_library sdk\n    xcrun xcodebuild -project \"${PROJECT_FILE_PATH}\" \\\n    -target \"${TARGET_NAME}\" \\\n    -configuration \"${CONFIGURATION}\" \\\n    -sdk \"${1}\" \\\n    ONLY_ACTIVE_ARCH=NO \\\n    BUILD_DIR=\"${BUILD_DIR}\" \\\n    OBJROOT=\"${OBJROOT}\" \\\n    BUILD_ROOT=\"${BUILD_ROOT}\" \\\n    SYMROOT=\"${SYMROOT}\" $ACTION\n}\n\nfunction make_fat_library {\n    # Will smash 2 static libs together\n    #     make_fat_library in1 in2 out\n    xcrun lipo -create \"${1}\" \"${2}\" -output \"${3}\"\n}\n\n# 1 - Extract the platform (iphoneos/iphonesimulator) from the SDK name\nif [[ \"$SDK_NAME\" =~ ([A-Za-z]+) ]]; then\nRW_SDK_PLATFORM=${BASH_REMATCH[1]}\nelse\necho \"Could not find platform name from SDK_NAME: $SDK_NAME\"\nexit 1\nfi\n\n# 2 - Extract the version from the SDK\nif [[ \"$SDK_NAME\" =~ ([0-9]+.*$) ]]; then\nRW_SDK_VERSION=${BASH_REMATCH[1]}\nelse\necho \"Could not find sdk version from SDK_NAME: $SDK_NAME\"\nexit 1\nfi\n\n# 3 - Determine the other platform\nif [ \"$RW_SDK_PLATFORM\" == \"iphoneos\" ]; then\nRW_OTHER_PLATFORM=iphonesimulator\nelse\nRW_OTHER_PLATFORM=iphoneos\nfi\n\n# 4 - Find the build directory\nif [[ \"$BUILT_PRODUCTS_DIR\" =~ (.*)$RW_SDK_PLATFORM$ ]]; then\nRW_OTHER_BUILT_PRODUCTS_DIR=\"${BASH_REMATCH[1]}${RW_OTHER_PLATFORM}\"\nelse\necho \"Could not find other platform build directory.\"\nexit 1\nfi\n\n# Build the other platform.\nbuild_static_library \"${RW_OTHER_PLATFORM}${RW_SDK_VERSION}\"\n\n# If we're currently building for iphonesimulator, then need to rebuild\n#   to ensure that we get both i386 and x86_64\nif [ \"$RW_SDK_PLATFORM\" == \"iphonesimulator\" ]; then\nbuild_static_library \"${SDK_NAME}\"\nfi\n\n# Join the 2 static libs into 1 and push into the .framework\nmake_fat_library \"${BUILT_PRODUCTS_DIR}/${RW_INPUT_STATIC_LIB}\" \\\n\"${RW_OTHER_BUILT_PRODUCTS_DIR}/${RW_INPUT_STATIC_LIB}\" \\\n\"${RW_FRAMEWORK_LOCATION}/Versions/A/${RW_FRAMEWORK_NAME}\"\n\n# Ensure that the framework is present in both platform's build directories\ncp -a \"${RW_FRAMEWORK_LOCATION}/Versions/A/${RW_FRAMEWORK_NAME}\" \\\n\"${RW_OTHER_BUILT_PRODUCTS_DIR}/${RW_FRAMEWORK_NAME}.framework/Versions/A/${RW_FRAMEWORK_NAME}\"\n\n# Copy the framework to the user's desktop\nmkdir -p \"${PROJECT_DIR}/bin\"\nditto \"${RW_FRAMEWORK_LOCATION}\" \"${PROJECT_DIR}/bin/${RW_FRAMEWORK_NAME}.framework\"";
		};
/* End PBXShellScriptBuildPhase section */

/* Begin PBXSourcesBuildPhase section */
		1C1509B41FF53156003F6C42 /* Sources */ = {
			isa = PBXSourcesBuildPhase;
			buildActionMask = 2147483647;
			files = (
				1C1509C11FF53186003F6C42 /* XmlParser.m in Sources */,
			);
			runOnlyForDeploymentPostprocessing = 0;
		};
		FA55C64A1F7B7037002D67BF /* Sources */ = {
			isa = PBXSourcesBuildPhase;
			buildActionMask = 2147483647;
			files = (
				FA55C66C1F7B707B002D67BF /* XmlParser.m in Sources */,
			);
			runOnlyForDeploymentPostprocessing = 0;
		};
		FA55C6551F7B7037002D67BF /* Sources */ = {
			isa = PBXSourcesBuildPhase;
			buildActionMask = 2147483647;
			files = (
				FA55C65F1F7B7037002D67BF /* PQXMLParserTests.m in Sources */,
			);
			runOnlyForDeploymentPostprocessing = 0;
		};
/* End PBXSourcesBuildPhase section */

/* Begin PBXTargetDependency section */
		1C1509CA1FF532C3003F6C42 /* PBXTargetDependency */ = {
			isa = PBXTargetDependency;
			target = 1C1509B71FF53156003F6C42 /* PQXMLParserFramework */;
			targetProxy = 1C1509C91FF532C3003F6C42 /* PBXContainerItemProxy */;
		};
		FA55C65C1F7B7037002D67BF /* PBXTargetDependency */ = {
			isa = PBXTargetDependency;
			target = FA55C64E1F7B7037002D67BF /* PQXMLParser */;
			targetProxy = FA55C65B1F7B7037002D67BF /* PBXContainerItemProxy */;
		};
/* End PBXTargetDependency section */

/* Begin XCBuildConfiguration section */
		1C1509BF1FF53156003F6C42 /* Debug */ = {
			isa = XCBuildConfiguration;
			buildSettings = {
				ALWAYS_SEARCH_USER_PATHS = NO;
				CLANG_ANALYZER_NUMBER_OBJECT_CONVERSION = YES_AGGRESSIVE;
				CLANG_CXX_LANGUAGE_STANDARD = "gnu++14";
				CLANG_WARN_BLOCK_CAPTURE_AUTORELEASING = YES;
				CLANG_WARN_COMMA = YES;
				CLANG_WARN_DOCUMENTATION_COMMENTS = YES;
				CLANG_WARN_INFINITE_RECURSION = YES;
				CLANG_WARN_NON_LITERAL_NULL_CONVERSION = YES;
				CLANG_WARN_OBJC_LITERAL_CONVERSION = YES;
				CLANG_WARN_RANGE_LOOP_ANALYSIS = YES;
				CLANG_WARN_STRICT_PROTOTYPES = YES;
				CLANG_WARN_SUSPICIOUS_MOVE = YES;
				CLANG_WARN_UNGUARDED_AVAILABILITY = YES_AGGRESSIVE;
				CODE_SIGN_IDENTITY = "iPhone Developer";
				CODE_SIGN_STYLE = Automatic;
				DEVELOPMENT_TEAM = 9HWXJ897TL;
				GCC_C_LANGUAGE_STANDARD = gnu11;
				HEADER_SEARCH_PATHS = /usr/include/libxml2;
				IPHONEOS_DEPLOYMENT_TARGET = 11.2;
				OTHER_LDFLAGS = "-ObjC";
				PRODUCT_NAME = "$(TARGET_NAME)";
				SKIP_INSTALL = YES;
				TARGETED_DEVICE_FAMILY = "1,2";
			};
			name = Debug;
		};
		1C1509C01FF53156003F6C42 /* Release */ = {
			isa = XCBuildConfiguration;
			buildSettings = {
				ALWAYS_SEARCH_USER_PATHS = NO;
				CLANG_ANALYZER_NUMBER_OBJECT_CONVERSION = YES_AGGRESSIVE;
				CLANG_CXX_LANGUAGE_STANDARD = "gnu++14";
				CLANG_WARN_BLOCK_CAPTURE_AUTORELEASING = YES;
				CLANG_WARN_COMMA = YES;
				CLANG_WARN_DOCUMENTATION_COMMENTS = YES;
				CLANG_WARN_INFINITE_RECURSION = YES;
				CLANG_WARN_NON_LITERAL_NULL_CONVERSION = YES;
				CLANG_WARN_OBJC_LITERAL_CONVERSION = YES;
				CLANG_WARN_RANGE_LOOP_ANALYSIS = YES;
				CLANG_WARN_STRICT_PROTOTYPES = YES;
				CLANG_WARN_SUSPICIOUS_MOVE = YES;
				CLANG_WARN_UNGUARDED_AVAILABILITY = YES_AGGRESSIVE;
				CODE_SIGN_IDENTITY = "iPhone Developer";
				CODE_SIGN_STYLE = Automatic;
				DEVELOPMENT_TEAM = 9HWXJ897TL;
				GCC_C_LANGUAGE_STANDARD = gnu11;
				HEADER_SEARCH_PATHS = /usr/include/libxml2;
				IPHONEOS_DEPLOYMENT_TARGET = 11.2;
				OTHER_LDFLAGS = "-ObjC";
				PRODUCT_NAME = "$(TARGET_NAME)";
				SKIP_INSTALL = YES;
				TARGETED_DEVICE_FAMILY = "1,2";
			};
			name = Release;
		};
		1C1509C71FF532A4003F6C42 /* Debug */ = {
			isa = XCBuildConfiguration;
			buildSettings = {
				CODE_SIGN_STYLE = Automatic;
				DEVELOPMENT_TEAM = 9HWXJ897TL;
				PRODUCT_NAME = "$(TARGET_NAME)";
			};
			name = Debug;
		};
		1C1509C81FF532A4003F6C42 /* Release */ = {
			isa = XCBuildConfiguration;
			buildSettings = {
				CODE_SIGN_STYLE = Automatic;
				DEVELOPMENT_TEAM = 9HWXJ897TL;
				PRODUCT_NAME = "$(TARGET_NAME)";
			};
			name = Release;
		};
		FA55C6611F7B7037002D67BF /* Debug */ = {
			isa = XCBuildConfiguration;
			buildSettings = {
				ALWAYS_SEARCH_USER_PATHS = YES;
				ARCHS = "$(ARCHS_STANDARD)";
				CLANG_ANALYZER_NONNULL = YES;
				CLANG_CXX_LANGUAGE_STANDARD = "gnu++0x";
				CLANG_CXX_LIBRARY = "libc++";
				CLANG_ENABLE_MODULES = YES;
				CLANG_ENABLE_OBJC_ARC = YES;
				CLANG_WARN_BOOL_CONVERSION = YES;
				CLANG_WARN_CONSTANT_CONVERSION = YES;
				CLANG_WARN_DIRECT_OBJC_ISA_USAGE = YES_ERROR;
				CLANG_WARN_EMPTY_BODY = YES;
				CLANG_WARN_ENUM_CONVERSION = YES;
				CLANG_WARN_INT_CONVERSION = YES;
				CLANG_WARN_OBJC_ROOT_CLASS = YES_ERROR;
				CLANG_WARN_UNREACHABLE_CODE = YES;
				CLANG_WARN__DUPLICATE_METHOD_MATCH = YES;
				"CODE_SIGN_IDENTITY[sdk=iphoneos*]" = "iPhone Developer";
				COPY_PHASE_STRIP = NO;
				CURRENT_PROJECT_VERSION = 1;
				DEBUG_INFORMATION_FORMAT = dwarf;
				ENABLE_STRICT_OBJC_MSGSEND = YES;
				ENABLE_TESTABILITY = YES;
				GCC_C_LANGUAGE_STANDARD = gnu99;
				GCC_DYNAMIC_NO_PIC = NO;
				GCC_NO_COMMON_BLOCKS = YES;
				GCC_OPTIMIZATION_LEVEL = 0;
				GCC_PREPROCESSOR_DEFINITIONS = (
					"DEBUG=1",
					"$(inherited)",
				);
				GCC_WARN_64_TO_32_BIT_CONVERSION = YES;
				GCC_WARN_ABOUT_RETURN_TYPE = YES_ERROR;
				GCC_WARN_UNDECLARED_SELECTOR = YES;
				GCC_WARN_UNINITIALIZED_AUTOS = YES_AGGRESSIVE;
				GCC_WARN_UNUSED_FUNCTION = YES;
				GCC_WARN_UNUSED_VARIABLE = YES;
				IPHONEOS_DEPLOYMENT_TARGET = 8.0;
				MTL_ENABLE_DEBUG_INFO = YES;
				ONLY_ACTIVE_ARCH = YES;
				OTHER_LDFLAGS = "-lxml2";
				SDKROOT = iphoneos;
				"SDKROOT[arch=i386]" = "$(CORRESPONDING_SIMULATOR_SDK_NAME)";
				"SDKROOT[arch=x86_64]" = "$(CORRESPONDING_SIMULATOR_SDK_NAME)";
				TARGETED_DEVICE_FAMILY = "1,2";
				VALID_ARCHS = "x86_64 arm64 armv7 armv7s i386";
				VERSIONING_SYSTEM = "apple-generic";
				VERSION_INFO_PREFIX = "";
			};
			name = Debug;
		};
		FA55C6621F7B7037002D67BF /* Release */ = {
			isa = XCBuildConfiguration;
			buildSettings = {
				ALWAYS_SEARCH_USER_PATHS = YES;
				ARCHS = "$(ARCHS_STANDARD)";
				CLANG_ANALYZER_NONNULL = YES;
				CLANG_CXX_LANGUAGE_STANDARD = "gnu++0x";
				CLANG_CXX_LIBRARY = "libc++";
				CLANG_ENABLE_MODULES = YES;
				CLANG_ENABLE_OBJC_ARC = YES;
				CLANG_WARN_BOOL_CONVERSION = YES;
				CLANG_WARN_CONSTANT_CONVERSION = YES;
				CLANG_WARN_DIRECT_OBJC_ISA_USAGE = YES_ERROR;
				CLANG_WARN_EMPTY_BODY = YES;
				CLANG_WARN_ENUM_CONVERSION = YES;
				CLANG_WARN_INT_CONVERSION = YES;
				CLANG_WARN_OBJC_ROOT_CLASS = YES_ERROR;
				CLANG_WARN_UNREACHABLE_CODE = YES;
				CLANG_WARN__DUPLICATE_METHOD_MATCH = YES;
				"CODE_SIGN_IDENTITY[sdk=iphoneos*]" = "iPhone Developer";
				COPY_PHASE_STRIP = NO;
				CURRENT_PROJECT_VERSION = 1;
				DEBUG_INFORMATION_FORMAT = "dwarf-with-dsym";
				ENABLE_NS_ASSERTIONS = NO;
				ENABLE_STRICT_OBJC_MSGSEND = YES;
				GCC_C_LANGUAGE_STANDARD = gnu99;
				GCC_NO_COMMON_BLOCKS = YES;
				GCC_WARN_64_TO_32_BIT_CONVERSION = YES;
				GCC_WARN_ABOUT_RETURN_TYPE = YES_ERROR;
				GCC_WARN_UNDECLARED_SELECTOR = YES;
				GCC_WARN_UNINITIALIZED_AUTOS = YES_AGGRESSIVE;
				GCC_WARN_UNUSED_FUNCTION = YES;
				GCC_WARN_UNUSED_VARIABLE = YES;
				IPHONEOS_DEPLOYMENT_TARGET = 8.0;
				MTL_ENABLE_DEBUG_INFO = NO;
				OTHER_LDFLAGS = "-lxml2";
				SDKROOT = iphoneos;
				"SDKROOT[arch=i386]" = "$(CORRESPONDING_SIMULATOR_SDK_NAME)";
				"SDKROOT[arch=x86_64]" = "$(CORRESPONDING_SIMULATOR_SDK_NAME)";
				TARGETED_DEVICE_FAMILY = "1,2";
				VALIDATE_PRODUCT = YES;
				VALID_ARCHS = "x86_64 arm64 armv7 armv7s i386";
				VERSIONING_SYSTEM = "apple-generic";
				VERSION_INFO_PREFIX = "";
			};
			name = Release;
		};
		FA55C6641F7B7037002D67BF /* Debug */ = {
			isa = XCBuildConfiguration;
			buildSettings = {
				DEFINES_MODULE = YES;
				DYLIB_COMPATIBILITY_VERSION = 1;
				DYLIB_CURRENT_VERSION = 1;
				DYLIB_INSTALL_NAME_BASE = "@rpath";
				FRAMEWORK_SEARCH_PATHS = (
					"$(inherited)",
					"$(PROJECT_DIR)/PQXMLParser",
					"$(PROJECT_DIR)",
					"$(PROJECT_DIR)Framework",
				);
				"HEADER_SEARCH_PATHS[arch=*]" = /usr/include/libxml2;
				INFOPLIST_FILE = PQXMLParser/Info.plist;
				INSTALL_PATH = "$(LOCAL_LIBRARY_DIR)/Frameworks";
				LD_RUNPATH_SEARCH_PATHS = "$(inherited) @executable_path/Frameworks @loader_path/Frameworks";
				PRODUCT_BUNDLE_IDENTIFIER = com.plexteq.PQXMLParser;
				PRODUCT_NAME = "$(TARGET_NAME)";
				SKIP_INSTALL = YES;
			};
			name = Debug;
		};
		FA55C6651F7B7037002D67BF /* Release */ = {
			isa = XCBuildConfiguration;
			buildSettings = {
				DEFINES_MODULE = YES;
				DYLIB_COMPATIBILITY_VERSION = 1;
				DYLIB_CURRENT_VERSION = 1;
				DYLIB_INSTALL_NAME_BASE = "@rpath";
				FRAMEWORK_SEARCH_PATHS = (
					"$(inherited)",
					"$(PROJECT_DIR)/PQXMLParser",
					"$(PROJECT_DIR)",
					"$(PROJECT_DIR)Framework",
				);
				"HEADER_SEARCH_PATHS[arch=*]" = /usr/include/libxml2;
				INFOPLIST_FILE = PQXMLParser/Info.plist;
				INSTALL_PATH = "$(LOCAL_LIBRARY_DIR)/Frameworks";
				LD_RUNPATH_SEARCH_PATHS = "$(inherited) @executable_path/Frameworks @loader_path/Frameworks";
				PRODUCT_BUNDLE_IDENTIFIER = com.plexteq.PQXMLParser;
				PRODUCT_NAME = "$(TARGET_NAME)";
				SKIP_INSTALL = YES;
			};
			name = Release;
		};
		FA55C6671F7B7037002D67BF /* Debug */ = {
			isa = XCBuildConfiguration;
			buildSettings = {
				FRAMEWORK_SEARCH_PATHS = (
					"$(inherited)",
					"$(PROJECT_DIR)/PQXMLParser",
					"$(PROJECT_DIR)",
					"$(PROJECT_DIR)Framework",
				);
				"HEADER_SEARCH_PATHS[arch=*]" = /usr/include/libxml2;
				INFOPLIST_FILE = PQXMLParserTests/Info.plist;
				LD_RUNPATH_SEARCH_PATHS = "$(inherited) @executable_path/Frameworks @loader_path/Frameworks";
				PRODUCT_BUNDLE_IDENTIFIER = com.plexteq.PQXMLParserTests;
				PRODUCT_NAME = "$(TARGET_NAME)";
			};
			name = Debug;
		};
		FA55C6681F7B7037002D67BF /* Release */ = {
			isa = XCBuildConfiguration;
			buildSettings = {
				FRAMEWORK_SEARCH_PATHS = (
					"$(inherited)",
					"$(PROJECT_DIR)/PQXMLParser",
					"$(PROJECT_DIR)",
					"$(PROJECT_DIR)Framework",
				);
				"HEADER_SEARCH_PATHS[arch=*]" = /usr/include/libxml2;
				INFOPLIST_FILE = PQXMLParserTests/Info.plist;
				LD_RUNPATH_SEARCH_PATHS = "$(inherited) @executable_path/Frameworks @loader_path/Frameworks";
				PRODUCT_BUNDLE_IDENTIFIER = com.plexteq.PQXMLParserTests;
				PRODUCT_NAME = "$(TARGET_NAME)";
			};
			name = Release;
		};
/* End XCBuildConfiguration section */

/* Begin XCConfigurationList section */
		1C1509BE1FF53156003F6C42 /* Build configuration list for PBXNativeTarget "PQXMLParserFramework" */ = {
			isa = XCConfigurationList;
			buildConfigurations = (
				1C1509BF1FF53156003F6C42 /* Debug */,
				1C1509C01FF53156003F6C42 /* Release */,
			);
			defaultConfigurationIsVisible = 0;
			defaultConfigurationName = Release;
		};
		1C1509C61FF532A4003F6C42 /* Build configuration list for PBXAggregateTarget "Framework" */ = {
			isa = XCConfigurationList;
			buildConfigurations = (
				1C1509C71FF532A4003F6C42 /* Debug */,
				1C1509C81FF532A4003F6C42 /* Release */,
			);
			defaultConfigurationIsVisible = 0;
			defaultConfigurationName = Release;
		};
		FA55C6491F7B7037002D67BF /* Build configuration list for PBXProject "PQXMLParser" */ = {
			isa = XCConfigurationList;
			buildConfigurations = (
				FA55C6611F7B7037002D67BF /* Debug */,
				FA55C6621F7B7037002D67BF /* Release */,
			);
			defaultConfigurationIsVisible = 0;
			defaultConfigurationName = Release;
		};
		FA55C6631F7B7037002D67BF /* Build configuration list for PBXNativeTarget "PQXMLParser" */ = {
			isa = XCConfigurationList;
			buildConfigurations = (
				FA55C6641F7B7037002D67BF /* Debug */,
				FA55C6651F7B7037002D67BF /* Release */,
			);
			defaultConfigurationIsVisible = 0;
			defaultConfigurationName = Release;
		};
		FA55C6661F7B7037002D67BF /* Build configuration list for PBXNativeTarget "PQXMLParserTests" */ = {
			isa = XCConfigurationList;
			buildConfigurations = (
				FA55C6671F7B7037002D67BF /* Debug */,
				FA55C6681F7B7037002D67BF /* Release */,
			);
			defaultConfigurationIsVisible = 0;
			defaultConfigurationName = Release;
		};
/* End XCConfigurationList section */
	};
	rootObject = FA55C6461F7B7037002D67BF /* Project object */;
}
